
Microsoft Visual Studio Solution File, Format Version 12.00
# Visual Studio Version 17
VisualStudioVersion = 17.3.32825.248
MinimumVisualStudioVersion = 10.0.40219.1
Project("{FAE04EC0-301F-11D3-BF4B-00C04F79EFBC}") = "Shumkova", "Shumkova.csproj", "{A575F4D2-C85E-4BD7-B142-15EC824223A8}"
EndProject
Global
	GlobalSection(SolutionConfigurationPlatforms) = preSolution
		Debug|Any CPU = Debug|Any CPU
		Release|Any CPU = Release|Any CPU
	EndGlobalSection
	GlobalSection(ProjectConfigurationPlatforms) = postSolution
		{A575F4D2-C85E-4BD7-B142-15EC824223A8}.Debug|Any CPU.ActiveCfg = Debug|Any CPU
		{A575F4D2-C85E-4BD7-B142-15EC824223A8}.Debug|Any CPU.Build.0 = Debug|Any CPU
		{A575F4D2-C85E-4BD7-B142-15EC824223A8}.Release|Any CPU.ActiveCfg = Release|Any CPU
		{A575F4D2-C85E-4BD7-B142-15EC824223A8}.Release|Any CPU.Build.0 = Release|Any CPU
	EndGlobalSection
	GlobalSection(SolutionProperties) = preSolution
		HideSolutionNode = FALSE
	EndGlobalSection
	GlobalSection(ExtensibilityGlobals) = postSolution
		SolutionGuid = {F57EE00E-F4F9-41FD-BBBF-13E300511EA7}
	EndGlobalSection
EndGlobal
